
Microsoft Visual Studio Solution File, Format Version 12.00
# Visual Studio 15
VisualStudioVersion = 15.0.27703.2042
MinimumVisualStudioVersion = 10.0.40219.1
Project("{FAE04EC0-301F-11D3-BF4B-00C04F79EFBC}") = "SchoolApp", "SchoolApp\SchoolApp.csproj", "{54EE2E54-D7BD-4734-B392-DEA86FE2BE46}"
EndProject
Project("{FAE04EC0-301F-11D3-BF4B-00C04F79EFBC}") = "Student.Domain", "Student.Domain\Student.Domain.csproj", "{4599241B-BD32-420E-B594-A4682D97D668}"
EndProject
Project("{FAE04EC0-301F-11D3-BF4B-00C04F79EFBC}") = "Student.Data", "Student.Data\Student.Data.csproj", "{B432985B-7E1B-4079-8C77-A045298DD70C}"
EndProject
Global
	GlobalSection(SolutionConfigurationPlatforms) = preSolution
		Debug|Any CPU = Debug|Any CPU
		Release|Any CPU = Release|Any CPU
	EndGlobalSection
	GlobalSection(ProjectConfigurationPlatforms) = postSolution
		{54EE2E54-D7BD-4734-B392-DEA86FE2BE46}.Debug|Any CPU.ActiveCfg = Debug|Any CPU
		{54EE2E54-D7BD-4734-B392-DEA86FE2BE46}.Debug|Any CPU.Build.0 = Debug|Any CPU
		{54EE2E54-D7BD-4734-B392-DEA86FE2BE46}.Release|Any CPU.ActiveCfg = Release|Any CPU
		{54EE2E54-D7BD-4734-B392-DEA86FE2BE46}.Release|Any CPU.Build.0 = Release|Any CPU
		{4599241B-BD32-420E-B594-A4682D97D668}.Debug|Any CPU.ActiveCfg = Debug|Any CPU
		{4599241B-BD32-420E-B594-A4682D97D668}.Debug|Any CPU.Build.0 = Debug|Any CPU
		{4599241B-BD32-420E-B594-A4682D97D668}.Release|Any CPU.ActiveCfg = Release|Any CPU
		{4599241B-BD32-420E-B594-A4682D97D668}.Release|Any CPU.Build.0 = Release|Any CPU
		{B432985B-7E1B-4079-8C77-A045298DD70C}.Debug|Any CPU.ActiveCfg = Debug|Any CPU
		{B432985B-7E1B-4079-8C77-A045298DD70C}.Debug|Any CPU.Build.0 = Debug|Any CPU
		{B432985B-7E1B-4079-8C77-A045298DD70C}.Release|Any CPU.ActiveCfg = Release|Any CPU
		{B432985B-7E1B-4079-8C77-A045298DD70C}.Release|Any CPU.Build.0 = Release|Any CPU
	EndGlobalSection
	GlobalSection(SolutionProperties) = preSolution
		HideSolutionNode = FALSE
	EndGlobalSection
	GlobalSection(ExtensibilityGlobals) = postSolution
		SolutionGuid = {17997937-B4BC-42F2-8063-0158F17DD307}
	EndGlobalSection
EndGlobal
